Microsoft Visual Studio Solution File, Format Version 12.00
# Visual Studio Version 18
VisualStudioVersion = 18.3.11520.95
MinimumVisualStudioVersion = 10.0.40219.1
Project("{FAE04EC0-301F-11D3-BF4B-00C04F79EFBC}") = "SqlWhoAmIcs", "cs\SqlWhoAmIcs.csproj", "{0B57D335-7156-4409-9006-6EF5CB489783}"
EndProject
Project("{F184B08F-C81C-45F6-A57F-5ABD9991F28F}") = "SqlWhoAmIvb", "vb\SqlWhoAmIvb.vbproj", "{6BEC0BBD-8346-4D13-80FB-06A96216FAFD}"
EndProject
Global
	GlobalSection(SolutionConfigurationPlatforms) = preSolution
		Debug|Any CPU = Debug|Any CPU
		Release|Any CPU = Release|Any CPU
	EndGlobalSection
	GlobalSection(ProjectConfigurationPlatforms) = postSolution
		{0B57D335-7156-4409-9006-6EF5CB489783}.Debug|Any CPU.ActiveCfg = Debug|Any CPU
		{0B57D335-7156-4409-9006-6EF5CB489783}.Debug|Any CPU.Build.0 = Debug|Any CPU
		{0B57D335-7156-4409-9006-6EF5CB489783}.Release|Any CPU.ActiveCfg = Release|Any CPU
		{0B57D335-7156-4409-9006-6EF5CB489783}.Release|Any CPU.Build.0 = Release|Any CPU
		{6BEC0BBD-8346-4D13-80FB-06A96216FAFD}.Debug|Any CPU.ActiveCfg = Debug|Any CPU
		{6BEC0BBD-8346-4D13-80FB-06A96216FAFD}.Debug|Any CPU.Build.0 = Debug|Any CPU
		{6BEC0BBD-8346-4D13-80FB-06A96216FAFD}.Release|Any CPU.ActiveCfg = Release|Any CPU
		{6BEC0BBD-8346-4D13-80FB-06A96216FAFD}.Release|Any CPU.Build.0 = Release|Any CPU
	EndGlobalSection
	GlobalSection(SolutionProperties) = preSolution
		HideSolutionNode = FALSE
	EndGlobalSection
	GlobalSection(ExtensibilityGlobals) = postSolution
		SolutionGuid = {2F6DB882-2786-4EE6-BB2E-BF641C04C1A1}
	EndGlobalSection
EndGlobal
