
Microsoft Visual Studio Solution File, Format Version 12.00
# Visual Studio 15
VisualStudioVersion = 15.0.28307.1022
MinimumVisualStudioVersion = 10.0.40219.1
Project("{FAE04EC0-301F-11D3-BF4B-00C04F79EFBC}") = "AwsDemo", "AwsDemo.csproj", "{E010DD47-6324-410E-8D9C-4585D32C81DD}"
EndProject
Global
	GlobalSection(SolutionConfigurationPlatforms) = preSolution
		Debug|Any CPU = Debug|Any CPU
		Release|Any CPU = Release|Any CPU
	EndGlobalSection
	GlobalSection(ProjectConfigurationPlatforms) = postSolution
		{E010DD47-6324-410E-8D9C-4585D32C81DD}.Debug|Any CPU.ActiveCfg = Debug|Any CPU
		{E010DD47-6324-410E-8D9C-4585D32C81DD}.Debug|Any CPU.Build.0 = Debug|Any CPU
		{E010DD47-6324-410E-8D9C-4585D32C81DD}.Release|Any CPU.ActiveCfg = Release|Any CPU
		{E010DD47-6324-410E-8D9C-4585D32C81DD}.Release|Any CPU.Build.0 = Release|Any CPU
	EndGlobalSection
	GlobalSection(SolutionProperties) = preSolution
		HideSolutionNode = FALSE
	EndGlobalSection
	GlobalSection(ExtensibilityGlobals) = postSolution
		SolutionGuid = {FCA6F683-BD1E-47D4-AB25-0DB016B4CBD3}
	EndGlobalSection
EndGlobal
