
Microsoft Visual Studio Solution File, Format Version 12.00
# Visual Studio 15
VisualStudioVersion = 15.0.26730.12
MinimumVisualStudioVersion = 10.0.40219.1
Project("{FAE04EC0-301F-11D3-BF4B-00C04F79EFBC}") = "AuthDemo", "AuthDemo.csproj", "{79457D4B-7E77-4E50-8CA4-438161B165E9}"
EndProject
Global
	GlobalSection(SolutionConfigurationPlatforms) = preSolution
		Debug|Any CPU = Debug|Any CPU
		Release|Any CPU = Release|Any CPU
	EndGlobalSection
	GlobalSection(ProjectConfigurationPlatforms) = postSolution
		{79457D4B-7E77-4E50-8CA4-438161B165E9}.Debug|Any CPU.ActiveCfg = Debug|Any CPU
		{79457D4B-7E77-4E50-8CA4-438161B165E9}.Debug|Any CPU.Build.0 = Debug|Any CPU
		{79457D4B-7E77-4E50-8CA4-438161B165E9}.Release|Any CPU.ActiveCfg = Release|Any CPU
		{79457D4B-7E77-4E50-8CA4-438161B165E9}.Release|Any CPU.Build.0 = Release|Any CPU
	EndGlobalSection
	GlobalSection(SolutionProperties) = preSolution
		HideSolutionNode = FALSE
	EndGlobalSection
	GlobalSection(ExtensibilityGlobals) = postSolution
		SolutionGuid = {B005CC43-E12E-4299-91D3-96A6A700013F}
	EndGlobalSection
EndGlobal
